
Microsoft Visual Studio Solution File, Format Version 12.00
# Visual Studio Version 16
VisualStudioVersion = 16.0.29709.97
MinimumVisualStudioVersion = 10.0.40219.1
Project("{FAE04EC0-301F-11D3-BF4B-00C04F79EFBC}") = "SIT_17621661_Exercise3", "SIT_17621661_Exercise3\SIT_17621661_Exercise3.csproj", "{5D6D2183-C26C-4EB4-A0D9-8FFE1BE9CF21}"
EndProject
Global
	GlobalSection(SolutionConfigurationPlatforms) = preSolution
		Debug|Any CPU = Debug|Any CPU
		Release|Any CPU = Release|Any CPU
	EndGlobalSection
	GlobalSection(ProjectConfigurationPlatforms) = postSolution
		{5D6D2183-C26C-4EB4-A0D9-8FFE1BE9CF21}.Debug|Any CPU.ActiveCfg = Debug|Any CPU
		{5D6D2183-C26C-4EB4-A0D9-8FFE1BE9CF21}.Debug|Any CPU.Build.0 = Debug|Any CPU
		{5D6D2183-C26C-4EB4-A0D9-8FFE1BE9CF21}.Release|Any CPU.ActiveCfg = Release|Any CPU
		{5D6D2183-C26C-4EB4-A0D9-8FFE1BE9CF21}.Release|Any CPU.Build.0 = Release|Any CPU
	EndGlobalSection
	GlobalSection(SolutionProperties) = preSolution
		HideSolutionNode = FALSE
	EndGlobalSection
	GlobalSection(ExtensibilityGlobals) = postSolution
		SolutionGuid = {DFC4C9C3-5AA4-43C4-8C75-549CDD780959}
	EndGlobalSection
EndGlobal
